// !$*UTF8*$!
{
	archiveVersion = 1;
	classes = {
	};
	objectVersion = 55;
	objects = {

/* Begin PBXBuildFile section */
		EDB7103528AE7B6D00DCD88B /* AppDelegate.swift in Sources */ = {isa = PBXBuildFile; fileRef = EDB7103428AE7B6D00DCD88B /* AppDelegate.swift */; };
		EDB7103728AE7B6D00DCD88B /* SceneDelegate.swift in Sources */ = {isa = PBXBuildFile; fileRef = EDB7103628AE7B6D00DCD88B /* SceneDelegate.swift */; };
		EDB7103E28AE7B6E00DCD88B /* Assets.xcassets in Resources */ = {isa = PBXBuildFile; fileRef = EDB7103D28AE7B6E00DCD88B /* Assets.xcassets */; };
		EDB7104128AE7B6E00DCD88B /* LaunchScreen.storyboard in Resources */ = {isa = PBXBuildFile; fileRef = EDB7103F28AE7B6E00DCD88B /* LaunchScreen.storyboard */; };
		EDB7104C28AE7B6E00DCD88B /* ChallengeTests.swift in Sources */ = {isa = PBXBuildFile; fileRef = EDB7104B28AE7B6E00DCD88B /* ChallengeTests.swift */; };
		EDB7105628AE7B6E00DCD88B /* ChallengeUITests.swift in Sources */ = {isa = PBXBuildFile; fileRef = EDB7105528AE7B6E00DCD88B /* ChallengeUITests.swift */; };
		EDB7105828AE7B6E00DCD88B /* ChallengeUITestsLaunchTests.swift in Sources */ = {isa = PBXBuildFile; fileRef = EDB7105728AE7B6E00DCD88B /* ChallengeUITestsLaunchTests.swift */; };
		EDB7109B28AE8D1900DCD88B /* NewsView.swift in Sources */ = {isa = PBXBuildFile; fileRef = EDB7109A28AE8D1900DCD88B /* NewsView.swift */; };
		EDB7109D28AE8D2E00DCD88B /* NewsViewController.swift in Sources */ = {isa = PBXBuildFile; fileRef = EDB7109C28AE8D2E00DCD88B /* NewsViewController.swift */; };
		EDB710A128AE95D900DCD88B /* CodeView.swift in Sources */ = {isa = PBXBuildFile; fileRef = EDB710A028AE95D900DCD88B /* CodeView.swift */; };
		EDB710A528AE97A700DCD88B /* HeaderCollectionReusableView.swift in Sources */ = {isa = PBXBuildFile; fileRef = EDB710A428AE97A700DCD88B /* HeaderCollectionReusableView.swift */; };
		EDB710A728AE983F00DCD88B /* CellCollectionViewCell.swift in Sources */ = {isa = PBXBuildFile; fileRef = EDB710A628AE983F00DCD88B /* CellCollectionViewCell.swift */; };
/* End PBXBuildFile section */

/* Begin PBXContainerItemProxy section */
		EDB7104828AE7B6E00DCD88B /* PBXContainerItemProxy */ = {
			isa = PBXContainerItemProxy;
			containerPortal = EDB7102928AE7B6D00DCD88B /* Project object */;
			proxyType = 1;
			remoteGlobalIDString = EDB7103028AE7B6D00DCD88B;
			remoteInfo = Challenge;
		};
		EDB7105228AE7B6E00DCD88B /* PBXContainerItemProxy */ = {
			isa = PBXContainerItemProxy;
			containerPortal = EDB7102928AE7B6D00DCD88B /* Project object */;
			proxyType = 1;
			remoteGlobalIDString = EDB7103028AE7B6D00DCD88B;
			remoteInfo = Challenge;
		};
/* End PBXContainerItemProxy section */

/* Begin PBXFileReference section */
		EDB7103128AE7B6D00DCD88B /* Challenge.app */ = {isa = PBXFileReference; explicitFileType = wrapper.application; includeInIndex = 0; path = Challenge.app; sourceTree = BUILT_PRODUCTS_DIR; };
		EDB7103428AE7B6D00DCD88B /* AppDelegate.swift */ = {isa = PBXFileReference; lastKnownFileType = sourcecode.swift; path = AppDelegate.swift; sourceTree = "<group>"; };
		EDB7103628AE7B6D00DCD88B /* SceneDelegate.swift */ = {isa = PBXFileReference; lastKnownFileType = sourcecode.swift; path = SceneDelegate.swift; sourceTree = "<group>"; };
		EDB7103D28AE7B6E00DCD88B /* Assets.xcassets */ = {isa = PBXFileReference; lastKnownFileType = folder.assetcatalog; path = Assets.xcassets; sourceTree = "<group>"; };
		EDB7104028AE7B6E00DCD88B /* Base */ = {isa = PBXFileReference; lastKnownFileType = file.storyboard; name = Base; path = Base.lproj/LaunchScreen.storyboard; sourceTree = "<group>"; };
		EDB7104228AE7B6E00DCD88B /* Info.plist */ = {isa = PBXFileReference; lastKnownFileType = text.plist.xml; path = Info.plist; sourceTree = "<group>"; };
		EDB7104728AE7B6E00DCD88B /* ChallengeTests.xctest */ = {isa = PBXFileReference; explicitFileType = wrapper.cfbundle; includeInIndex = 0; path = ChallengeTests.xctest; sourceTree = BUILT_PRODUCTS_DIR; };
		EDB7104B28AE7B6E00DCD88B /* ChallengeTests.swift */ = {isa = PBXFileReference; lastKnownFileType = sourcecode.swift; path = ChallengeTests.swift; sourceTree = "<group>"; };
		EDB7105128AE7B6E00DCD88B /* ChallengeUITests.xctest */ = {isa = PBXFileReference; explicitFileType = wrapper.cfbundle; includeInIndex = 0; path = ChallengeUITests.xctest; sourceTree = BUILT_PRODUCTS_DIR; };
		EDB7105528AE7B6E00DCD88B /* ChallengeUITests.swift */ = {isa = PBXFileReference; lastKnownFileType = sourcecode.swift; path = ChallengeUITests.swift; sourceTree = "<group>"; };
		EDB7105728AE7B6E00DCD88B /* ChallengeUITestsLaunchTests.swift */ = {isa = PBXFileReference; lastKnownFileType = sourcecode.swift; path = ChallengeUITestsLaunchTests.swift; sourceTree = "<group>"; };
		EDB7109A28AE8D1900DCD88B /* NewsView.swift */ = {isa = PBXFileReference; lastKnownFileType = sourcecode.swift; path = NewsView.swift; sourceTree = "<group>"; };
		EDB7109C28AE8D2E00DCD88B /* NewsViewController.swift */ = {isa = PBXFileReference; lastKnownFileType = sourcecode.swift; path = NewsViewController.swift; sourceTree = "<group>"; };
		EDB710A028AE95D900DCD88B /* CodeView.swift */ = {isa = PBXFileReference; lastKnownFileType = sourcecode.swift; path = CodeView.swift; sourceTree = "<group>"; };
		EDB710A428AE97A700DCD88B /* HeaderCollectionReusableView.swift */ = {isa = PBXFileReference; lastKnownFileType = sourcecode.swift; path = HeaderCollectionReusableView.swift; sourceTree = "<group>"; };
		EDB710A628AE983F00DCD88B /* CellCollectionViewCell.swift */ = {isa = PBXFileReference; lastKnownFileType = sourcecode.swift; path = CellCollectionViewCell.swift; sourceTree = "<group>"; };
/* End PBXFileReference section */

/* Begin PBXFrameworksBuildPhase section */
		EDB7102E28AE7B6D00DCD88B /* Frameworks */ = {
			isa = PBXFrameworksBuildPhase;
			buildActionMask = 2147483647;
			files = (
			);
			runOnlyForDeploymentPostprocessing = 0;
		};
		EDB7104428AE7B6E00DCD88B /* Frameworks */ = {
			isa = PBXFrameworksBuildPhase;
			buildActionMask = 2147483647;
			files = (
			);
			runOnlyForDeploymentPostprocessing = 0;
		};
		EDB7104E28AE7B6E00DCD88B /* Frameworks */ = {
			isa = PBXFrameworksBuildPhase;
			buildActionMask = 2147483647;
			files = (
			);
			runOnlyForDeploymentPostprocessing = 0;
		};
/* End PBXFrameworksBuildPhase section */

/* Begin PBXGroup section */
		EDB7102828AE7B6D00DCD88B = {
			isa = PBXGroup;
			children = (
				EDB7103328AE7B6D00DCD88B /* Challenge */,
				EDB7104A28AE7B6E00DCD88B /* ChallengeTests */,
				EDB7105428AE7B6E00DCD88B /* ChallengeUITests */,
				EDB7103228AE7B6D00DCD88B /* Products */,
			);
			sourceTree = "<group>";
		};
		EDB7103228AE7B6D00DCD88B /* Products */ = {
			isa = PBXGroup;
			children = (
				EDB7103128AE7B6D00DCD88B /* Challenge.app */,
				EDB7104728AE7B6E00DCD88B /* ChallengeTests.xctest */,
				EDB7105128AE7B6E00DCD88B /* ChallengeUITests.xctest */,
			);
			name = Products;
			sourceTree = "<group>";
		};
		EDB7103328AE7B6D00DCD88B /* Challenge */ = {
			isa = PBXGroup;
			children = (
				EDB7109E28AE95BE00DCD88B /* SupportFiles */,
				EDB7109628AE8CDA00DCD88B /* News */,
				EDB7103428AE7B6D00DCD88B /* AppDelegate.swift */,
				EDB7103628AE7B6D00DCD88B /* SceneDelegate.swift */,
				EDB7103D28AE7B6E00DCD88B /* Assets.xcassets */,
				EDB7103F28AE7B6E00DCD88B /* LaunchScreen.storyboard */,
				EDB7104228AE7B6E00DCD88B /* Info.plist */,
			);
			path = Challenge;
			sourceTree = "<group>";
		};
		EDB7104A28AE7B6E00DCD88B /* ChallengeTests */ = {
			isa = PBXGroup;
			children = (
				EDB7104B28AE7B6E00DCD88B /* ChallengeTests.swift */,
			);
			path = ChallengeTests;
			sourceTree = "<group>";
		};
		EDB7105428AE7B6E00DCD88B /* ChallengeUITests */ = {
			isa = PBXGroup;
			children = (
				EDB7105528AE7B6E00DCD88B /* ChallengeUITests.swift */,
				EDB7105728AE7B6E00DCD88B /* ChallengeUITestsLaunchTests.swift */,
			);
			path = ChallengeUITests;
			sourceTree = "<group>";
		};
		EDB7109628AE8CDA00DCD88B /* News */ = {
			isa = PBXGroup;
			children = (
				EDB7109928AE8D0000DCD88B /* Model */,
				EDB7109828AE8CF800DCD88B /* Presenter */,
				EDB7109728AE8CF100DCD88B /* View */,
			);
			path = News;
			sourceTree = "<group>";
		};
		EDB7109728AE8CF100DCD88B /* View */ = {
			isa = PBXGroup;
			children = (
				EDB710A328AE978100DCD88B /* Header */,
				EDB710A228AE977200DCD88B /* Cell */,
				EDB7109A28AE8D1900DCD88B /* NewsView.swift */,
				EDB7109C28AE8D2E00DCD88B /* NewsViewController.swift */,
			);
			path = View;
			sourceTree = "<group>";
		};
		EDB7109828AE8CF800DCD88B /* Presenter */ = {
			isa = PBXGroup;
			children = (
			);
			path = Presenter;
			sourceTree = "<group>";
		};
		EDB7109928AE8D0000DCD88B /* Model */ = {
			isa = PBXGroup;
			children = (
			);
			path = Model;
			sourceTree = "<group>";
		};
		EDB7109E28AE95BE00DCD88B /* SupportFiles */ = {
			isa = PBXGroup;
			children = (
				EDB7109F28AE95CA00DCD88B /* Protocols */,
			);
			path = SupportFiles;
			sourceTree = "<group>";
		};
		EDB7109F28AE95CA00DCD88B /* Protocols */ = {
			isa = PBXGroup;
			children = (
				EDB710A028AE95D900DCD88B /* CodeView.swift */,
			);
			path = Protocols;
			sourceTree = "<group>";
		};
		EDB710A228AE977200DCD88B /* Cell */ = {
			isa = PBXGroup;
			children = (
				EDB710A628AE983F00DCD88B /* CellCollectionViewCell.swift */,
			);
			path = Cell;
			sourceTree = "<group>";
		};
		EDB710A328AE978100DCD88B /* Header */ = {
			isa = PBXGroup;
			children = (
				EDB710A428AE97A700DCD88B /* HeaderCollectionReusableView.swift */,
			);
			path = Header;
			sourceTree = "<group>";
		};
/* End PBXGroup section */

/* Begin PBXNativeTarget section */
		EDB7103028AE7B6D00DCD88B /* Challenge */ = {
			isa = PBXNativeTarget;
			buildConfigurationList = EDB7105B28AE7B6E00DCD88B /* Build configuration list for PBXNativeTarget "Challenge" */;
			buildPhases = (
				EDB7102D28AE7B6D00DCD88B /* Sources */,
				EDB7102E28AE7B6D00DCD88B /* Frameworks */,
				EDB7102F28AE7B6D00DCD88B /* Resources */,
			);
			buildRules = (
			);
			dependencies = (
			);
			name = Challenge;
			productName = Challenge;
			productReference = EDB7103128AE7B6D00DCD88B /* Challenge.app */;
			productType = "com.apple.product-type.application";
		};
		EDB7104628AE7B6E00DCD88B /* ChallengeTests */ = {
			isa = PBXNativeTarget;
			buildConfigurationList = EDB7105E28AE7B6E00DCD88B /* Build configuration list for PBXNativeTarget "ChallengeTests" */;
			buildPhases = (
				EDB7104328AE7B6E00DCD88B /* Sources */,
				EDB7104428AE7B6E00DCD88B /* Frameworks */,
				EDB7104528AE7B6E00DCD88B /* Resources */,
			);
			buildRules = (
			);
			dependencies = (
				EDB7104928AE7B6E00DCD88B /* PBXTargetDependency */,
			);
			name = ChallengeTests;
			productName = ChallengeTests;
			productReference = EDB7104728AE7B6E00DCD88B /* ChallengeTests.xctest */;
			productType = "com.apple.product-type.bundle.unit-test";
		};
		EDB7105028AE7B6E00DCD88B /* ChallengeUITests */ = {
			isa = PBXNativeTarget;
			buildConfigurationList = EDB7106128AE7B6E00DCD88B /* Build configuration list for PBXNativeTarget "ChallengeUITests" */;
			buildPhases = (
				EDB7104D28AE7B6E00DCD88B /* Sources */,
				EDB7104E28AE7B6E00DCD88B /* Frameworks */,
				EDB7104F28AE7B6E00DCD88B /* Resources */,
			);
			buildRules = (
			);
			dependencies = (
				EDB7105328AE7B6E00DCD88B /* PBXTargetDependency */,
			);
			name = ChallengeUITests;
			productName = ChallengeUITests;
			productReference = EDB7105128AE7B6E00DCD88B /* ChallengeUITests.xctest */;
			productType = "com.apple.product-type.bundle.ui-testing";
		};
/* End PBXNativeTarget section */

/* Begin PBXProject section */
		EDB7102928AE7B6D00DCD88B /* Project object */ = {
			isa = PBXProject;
			attributes = {
				BuildIndependentTargetsInParallel = 1;
				LastSwiftUpdateCheck = 1340;
				LastUpgradeCheck = 1340;
				TargetAttributes = {
					EDB7103028AE7B6D00DCD88B = {
						CreatedOnToolsVersion = 13.4.1;
					};
					EDB7104628AE7B6E00DCD88B = {
						CreatedOnToolsVersion = 13.4.1;
						TestTargetID = EDB7103028AE7B6D00DCD88B;
					};
					EDB7105028AE7B6E00DCD88B = {
						CreatedOnToolsVersion = 13.4.1;
						TestTargetID = EDB7103028AE7B6D00DCD88B;
					};
				};
			};
			buildConfigurationList = EDB7102C28AE7B6D00DCD88B /* Build configuration list for PBXProject "Challenge" */;
			compatibilityVersion = "Xcode 13.0";
			developmentRegion = en;
			hasScannedForEncodings = 0;
			knownRegions = (
				en,
				Base,
			);
			mainGroup = EDB7102828AE7B6D00DCD88B;
			productRefGroup = EDB7103228AE7B6D00DCD88B /* Products */;
			projectDirPath = "";
			projectRoot = "";
			targets = (
				EDB7103028AE7B6D00DCD88B /* Challenge */,
				EDB7104628AE7B6E00DCD88B /* ChallengeTests */,
				EDB7105028AE7B6E00DCD88B /* ChallengeUITests */,
			);
		};
/* End PBXProject section */

/* Begin PBXResourcesBuildPhase section */
		EDB7102F28AE7B6D00DCD88B /* Resources */ = {
			isa = PBXResourcesBuildPhase;
			buildActionMask = 2147483647;
			files = (
				EDB7104128AE7B6E00DCD88B /* LaunchScreen.storyboard in Resources */,
				EDB7103E28AE7B6E00DCD88B /* Assets.xcassets in Resources */,
			);
			runOnlyForDeploymentPostprocessing = 0;
		};
		EDB7104528AE7B6E00DCD88B /* Resources */ = {
			isa = PBXResourcesBuildPhase;
			buildActionMask = 2147483647;
			files = (
			);
			runOnlyForDeploymentPostprocessing = 0;
		};
		EDB7104F28AE7B6E00DCD88B /* Resources */ = {
			isa = PBXResourcesBuildPhase;
			buildActionMask = 2147483647;
			files = (
			);
			runOnlyForDeploymentPostprocessing = 0;
		};
/* End PBXResourcesBuildPhase section */

/* Begin PBXSourcesBuildPhase section */
		EDB7102D28AE7B6D00DCD88B /* Sources */ = {
			isa = PBXSourcesBuildPhase;
			buildActionMask = 2147483647;
			files = (
				EDB7109B28AE8D1900DCD88B /* NewsView.swift in Sources */,
				EDB710A728AE983F00DCD88B /* CellCollectionViewCell.swift in Sources */,
				EDB7103528AE7B6D00DCD88B /* AppDelegate.swift in Sources */,
				EDB7103728AE7B6D00DCD88B /* SceneDelegate.swift in Sources */,
				EDB710A128AE95D900DCD88B /* CodeView.swift in Sources */,
				EDB710A528AE97A700DCD88B /* HeaderCollectionReusableView.swift in Sources */,
				EDB7109D28AE8D2E00DCD88B /* NewsViewController.swift in Sources */,
			);
			runOnlyForDeploymentPostprocessing = 0;
		};
		EDB7104328AE7B6E00DCD88B /* Sources */ = {
			isa = PBXSourcesBuildPhase;
			buildActionMask = 2147483647;
			files = (
				EDB7104C28AE7B6E00DCD88B /* ChallengeTests.swift in Sources */,
			);
			runOnlyForDeploymentPostprocessing = 0;
		};
		EDB7104D28AE7B6E00DCD88B /* Sources */ = {
			isa = PBXSourcesBuildPhase;
			buildActionMask = 2147483647;
			files = (
				EDB7105828AE7B6E00DCD88B /* ChallengeUITestsLaunchTests.swift in Sources */,
				EDB7105628AE7B6E00DCD88B /* ChallengeUITests.swift in Sources */,
			);
			runOnlyForDeploymentPostprocessing = 0;
		};
/* End PBXSourcesBuildPhase section */

/* Begin PBXTargetDependency section */
		EDB7104928AE7B6E00DCD88B /* PBXTargetDependency */ = {
			isa = PBXTargetDependency;
			target = EDB7103028AE7B6D00DCD88B /* Challenge */;
			targetProxy = EDB7104828AE7B6E00DCD88B /* PBXContainerItemProxy */;
		};
		EDB7105328AE7B6E00DCD88B /* PBXTargetDependency */ = {
			isa = PBXTargetDependency;
			target = EDB7103028AE7B6D00DCD88B /* Challenge */;
			targetProxy = EDB7105228AE7B6E00DCD88B /* PBXContainerItemProxy */;
		};
/* End PBXTargetDependency section */

/* Begin PBXVariantGroup section */
		EDB7103F28AE7B6E00DCD88B /* LaunchScreen.storyboard */ = {
			isa = PBXVariantGroup;
			children = (
				EDB7104028AE7B6E00DCD88B /* Base */,
			);
			name = LaunchScreen.storyboard;
			sourceTree = "<group>";
		};
/* End PBXVariantGroup section */

/* Begin XCBuildConfiguration section */
		EDB7105928AE7B6E00DCD88B /* Debug */ = {
			isa = XCBuildConfiguration;
			buildSettings = {
				ALWAYS_SEARCH_USER_PATHS = NO;
				CLANG_ANALYZER_NONNULL = YES;
				CLANG_ANALYZER_NUMBER_OBJECT_CONVERSION = YES_AGGRESSIVE;
				CLANG_CXX_LANGUAGE_STANDARD = "gnu++17";
				CLANG_ENABLE_MODULES = YES;
				CLANG_ENABLE_OBJC_ARC = YES;
				CLANG_ENABLE_OBJC_WEAK = YES;
				CLANG_WARN_BLOCK_CAPTURE_AUTORELEASING = YES;
				CLANG_WARN_BOOL_CONVERSION = YES;
				CLANG_WARN_COMMA = YES;
				CLANG_WARN_CONSTANT_CONVERSION = YES;
				CLANG_WARN_DEPRECATED_OBJC_IMPLEMENTATIONS = YES;
				CLANG_WARN_DIRECT_OBJC_ISA_USAGE = YES_ERROR;
				CLANG_WARN_DOCUMENTATION_COMMENTS = YES;
				CLANG_WARN_EMPTY_BODY = YES;
				CLANG_WARN_ENUM_CONVERSION = YES;
				CLANG_WARN_INFINITE_RECURSION = YES;
				CLANG_WARN_INT_CONVERSION = YES;
				CLANG_WARN_NON_LITERAL_NULL_CONVERSION = YES;
				CLANG_WARN_OBJC_IMPLICIT_RETAIN_SELF = YES;
				CLANG_WARN_OBJC_LITERAL_CONVERSION = YES;
				CLANG_WARN_OBJC_ROOT_CLASS = YES_ERROR;
				CLANG_WARN_QUOTED_INCLUDE_IN_FRAMEWORK_HEADER = YES;
				CLANG_WARN_RANGE_LOOP_ANALYSIS = YES;
				CLANG_WARN_STRICT_PROTOTYPES = YES;
				CLANG_WARN_SUSPICIOUS_MOVE = YES;
				CLANG_WARN_UNGUARDED_AVAILABILITY = YES_AGGRESSIVE;
				CLANG_WARN_UNREACHABLE_CODE = YES;
				CLANG_WARN__DUPLICATE_METHOD_MATCH = YES;
				COPY_PHASE_STRIP = NO;
				DEBUG_INFORMATION_FORMAT = dwarf;
				ENABLE_STRICT_OBJC_MSGSEND = YES;
				ENABLE_TESTABILITY = YES;
				GCC_C_LANGUAGE_STANDARD = gnu11;
				GCC_DYNAMIC_NO_PIC = NO;
				GCC_NO_COMMON_BLOCKS = YES;
				GCC_OPTIMIZATION_LEVEL = 0;
				GCC_PREPROCESSOR_DEFINITIONS = (
					"DEBUG=1",
					"$(inherited)",
				);
				GCC_WARN_64_TO_32_BIT_CONVERSION = YES;
				GCC_WARN_ABOUT_RETURN_TYPE = YES_ERROR;
				GCC_WARN_UNDECLARED_SELECTOR = YES;
				GCC_WARN_UNINITIALIZED_AUTOS = YES_AGGRESSIVE;
				GCC_WARN_UNUSED_FUNCTION = YES;
				GCC_WARN_UNUSED_VARIABLE = YES;
				IPHONEOS_DEPLOYMENT_TARGET = 15.5;
				MTL_ENABLE_DEBUG_INFO = INCLUDE_SOURCE;
				MTL_FAST_MATH = YES;
				ONLY_ACTIVE_ARCH = YES;
				SDKROOT = iphoneos;
				SWIFT_ACTIVE_COMPILATION_CONDITIONS = DEBUG;
				SWIFT_OPTIMIZATION_LEVEL = "-Onone";
			};
			name = Debug;
		};
		EDB7105A28AE7B6E00DCD88B /* Release */ = {
			isa = XCBuildConfiguration;
			buildSettings = {
				ALWAYS_SEARCH_USER_PATHS = NO;
				CLANG_ANALYZER_NONNULL = YES;
				CLANG_ANALYZER_NUMBER_OBJECT_CONVERSION = YES_AGGRESSIVE;
				CLANG_CXX_LANGUAGE_STANDARD = "gnu++17";
				CLANG_ENABLE_MODULES = YES;
				CLANG_ENABLE_OBJC_ARC = YES;
				CLANG_ENABLE_OBJC_WEAK = YES;
				CLANG_WARN_BLOCK_CAPTURE_AUTORELEASING = YES;
				CLANG_WARN_BOOL_CONVERSION = YES;
				CLANG_WARN_COMMA = YES;
				CLANG_WARN_CONSTANT_CONVERSION = YES;
				CLANG_WARN_DEPRECATED_OBJC_IMPLEMENTATIONS = YES;
				CLANG_WARN_DIRECT_OBJC_ISA_USAGE = YES_ERROR;
				CLANG_WARN_DOCUMENTATION_COMMENTS = YES;
				CLANG_WARN_EMPTY_BODY = YES;
				CLANG_WARN_ENUM_CONVERSION = YES;
				CLANG_WARN_INFINITE_RECURSION = YES;
				CLANG_WARN_INT_CONVERSION = YES;
				CLANG_WARN_NON_LITERAL_NULL_CONVERSION = YES;
				CLANG_WARN_OBJC_IMPLICIT_RETAIN_SELF = YES;
				CLANG_WARN_OBJC_LITERAL_CONVERSION = YES;
				CLANG_WARN_OBJC_ROOT_CLASS = YES_ERROR;
				CLANG_WARN_QUOTED_INCLUDE_IN_FRAMEWORK_HEADER = YES;
				CLANG_WARN_RANGE_LOOP_ANALYSIS = YES;
				CLANG_WARN_STRICT_PROTOTYPES = YES;
				CLANG_WARN_SUSPICIOUS_MOVE = YES;
				CLANG_WARN_UNGUARDED_AVAILABILITY = YES_AGGRESSIVE;
				CLANG_WARN_UNREACHABLE_CODE = YES;
				CLANG_WARN__DUPLICATE_METHOD_MATCH = YES;
				COPY_PHASE_STRIP = NO;
				DEBUG_INFORMATION_FORMAT = "dwarf-with-dsym";
				ENABLE_NS_ASSERTIONS = NO;
				ENABLE_STRICT_OBJC_MSGSEND = YES;
				GCC_C_LANGUAGE_STANDARD = gnu11;
				GCC_NO_COMMON_BLOCKS = YES;
				GCC_WARN_64_TO_32_BIT_CONVERSION = YES;
				GCC_WARN_ABOUT_RETURN_TYPE = YES_ERROR;
				GCC_WARN_UNDECLARED_SELECTOR = YES;
				GCC_WARN_UNINITIALIZED_AUTOS = YES_AGGRESSIVE;
				GCC_WARN_UNUSED_FUNCTION = YES;
				GCC_WARN_UNUSED_VARIABLE = YES;
				IPHONEOS_DEPLOYMENT_TARGET = 15.5;
				MTL_ENABLE_DEBUG_INFO = NO;
				MTL_FAST_MATH = YES;
				SDKROOT = iphoneos;
				SWIFT_COMPILATION_MODE = wholemodule;
				SWIFT_OPTIMIZATION_LEVEL = "-O";
				VALIDATE_PRODUCT = YES;
			};
			name = Release;
		};
		EDB7105C28AE7B6E00DCD88B /* Debug */ = {
			isa = XCBuildConfiguration;
			buildSettings = {
				ASSETCATALOG_COMPILER_APPICON_NAME = AppIcon;
				ASSETCATALOG_COMPILER_GLOBAL_ACCENT_COLOR_NAME = AccentColor;
				CODE_SIGN_STYLE = Automatic;
				CURRENT_PROJECT_VERSION = 1;
				DEVELOPMENT_TEAM = 9X3Y79Z9QG;
				GENERATE_INFOPLIST_FILE = YES;
				INFOPLIST_FILE = Challenge/Info.plist;
				INFOPLIST_KEY_UIApplicationSupportsIndirectInputEvents = YES;
				INFOPLIST_KEY_UILaunchStoryboardName = LaunchScreen;
				INFOPLIST_KEY_UISupportedInterfaceOrientations_iPad = "UIInterfaceOrientationPortrait UIInterfaceOrientationPortraitUpsideDown UIInterfaceOrientationLandscapeLeft UIInterfaceOrientationLandscapeRight";
				INFOPLIST_KEY_UISupportedInterfaceOrientations_iPhone = "UIInterfaceOrientationPortrait UIInterfaceOrientationLandscapeLeft UIInterfaceOrientationLandscapeRight";
				LD_RUNPATH_SEARCH_PATHS = (
					"$(inherited)",
					"@executable_path/Frameworks",
				);
				MARKETING_VERSION = 1.0;
				PRODUCT_BUNDLE_IDENTIFIER = Test.Challenge;
				PRODUCT_NAME = "$(TARGET_NAME)";
				SWIFT_EMIT_LOC_STRINGS = YES;
				SWIFT_VERSION = 5.0;
				TARGETED_DEVICE_FAMILY = "1,2";
			};
			name = Debug;
		};
		EDB7105D28AE7B6E00DCD88B /* Release */ = {
			isa = XCBuildConfiguration;
			buildSettings = {
				ASSETCATALOG_COMPILER_APPICON_NAME = AppIcon;
				ASSETCATALOG_COMPILER_GLOBAL_ACCENT_COLOR_NAME = AccentColor;
				CODE_SIGN_STYLE = Automatic;
				CURRENT_PROJECT_VERSION = 1;
				DEVELOPMENT_TEAM = 9X3Y79Z9QG;
				GENERATE_INFOPLIST_FILE = YES;
				INFOPLIST_FILE = Challenge/Info.plist;
				INFOPLIST_KEY_UIApplicationSupportsIndirectInputEvents = YES;
				INFOPLIST_KEY_UILaunchStoryboardName = LaunchScreen;
				INFOPLIST_KEY_UISupportedInterfaceOrientations_iPad = "UIInterfaceOrientationPortrait UIInterfaceOrientationPortraitUpsideDown UIInterfaceOrientationLandscapeLeft UIInterfaceOrientationLandscapeRight";
				INFOPLIST_KEY_UISupportedInterfaceOrientations_iPhone = "UIInterfaceOrientationPortrait UIInterfaceOrientationLandscapeLeft UIInterfaceOrientationLandscapeRight";
				LD_RUNPATH_SEARCH_PATHS = (
					"$(inherited)",
					"@executable_path/Frameworks",
				);
				MARKETING_VERSION = 1.0;
				PRODUCT_BUNDLE_IDENTIFIER = Test.Challenge;
				PRODUCT_NAME = "$(TARGET_NAME)";
				SWIFT_EMIT_LOC_STRINGS = YES;
				SWIFT_VERSION = 5.0;
				TARGETED_DEVICE_FAMILY = "1,2";
			};
			name = Release;
		};
		EDB7105F28AE7B6E00DCD88B /* Debug */ = {
			isa = XCBuildConfiguration;
			buildSettings = {
				ALWAYS_EMBED_SWIFT_STANDARD_LIBRARIES = YES;
				BUNDLE_LOADER = "$(TEST_HOST)";
				CODE_SIGN_STYLE = Automatic;
				CURRENT_PROJECT_VERSION = 1;
				DEVELOPMENT_TEAM = 9X3Y79Z9QG;
				GENERATE_INFOPLIST_FILE = YES;
				IPHONEOS_DEPLOYMENT_TARGET = 15.5;
				MARKETING_VERSION = 1.0;
				PRODUCT_BUNDLE_IDENTIFIER = Test.ChallengeTests;
				PRODUCT_NAME = "$(TARGET_NAME)";
				SWIFT_EMIT_LOC_STRINGS = NO;
				SWIFT_VERSION = 5.0;
				TARGETED_DEVICE_FAMILY = "1,2";
				TEST_HOST = "$(BUILT_PRODUCTS_DIR)/Challenge.app/Challenge";
			};
			name = Debug;
		};
		EDB7106028AE7B6E00DCD88B /* Release */ = {
			isa = XCBuildConfiguration;
			buildSettings = {
				ALWAYS_EMBED_SWIFT_STANDARD_LIBRARIES = YES;
				BUNDLE_LOADER = "$(TEST_HOST)";
				CODE_SIGN_STYLE = Automatic;
				CURRENT_PROJECT_VERSION = 1;
				DEVELOPMENT_TEAM = 9X3Y79Z9QG;
				GENERATE_INFOPLIST_FILE = YES;
				IPHONEOS_DEPLOYMENT_TARGET = 15.5;
				MARKETING_VERSION = 1.0;
				PRODUCT_BUNDLE_IDENTIFIER = Test.ChallengeTests;
				PRODUCT_NAME = "$(TARGET_NAME)";
				SWIFT_EMIT_LOC_STRINGS = NO;
				SWIFT_VERSION = 5.0;
				TARGETED_DEVICE_FAMILY = "1,2";
				TEST_HOST = "$(BUILT_PRODUCTS_DIR)/Challenge.app/Challenge";
			};
			name = Release;
		};
		EDB7106228AE7B6E00DCD88B /* Debug */ = {
			isa = XCBuildConfiguration;
			buildSettings = {
				ALWAYS_EMBED_SWIFT_STANDARD_LIBRARIES = YES;
				CODE_SIGN_STYLE = Automatic;
				CURRENT_PROJECT_VERSION = 1;
				DEVELOPMENT_TEAM = 9X3Y79Z9QG;
				GENERATE_INFOPLIST_FILE = YES;
				MARKETING_VERSION = 1.0;
				PRODUCT_BUNDLE_IDENTIFIER = Test.ChallengeUITests;
				PRODUCT_NAME = "$(TARGET_NAME)";
				SWIFT_EMIT_LOC_STRINGS = NO;
				SWIFT_VERSION = 5.0;
				TARGETED_DEVICE_FAMILY = "1,2";
				TEST_TARGET_NAME = Challenge;
			};
			name = Debug;
		};
		EDB7106328AE7B6E00DCD88B /* Release */ = {
			isa = XCBuildConfiguration;
			buildSettings = {
				ALWAYS_EMBED_SWIFT_STANDARD_LIBRARIES = YES;
				CODE_SIGN_STYLE = Automatic;
				CURRENT_PROJECT_VERSION = 1;
				DEVELOPMENT_TEAM = 9X3Y79Z9QG;
				GENERATE_INFOPLIST_FILE = YES;
				MARKETING_VERSION = 1.0;
				PRODUCT_BUNDLE_IDENTIFIER = Test.ChallengeUITests;
				PRODUCT_NAME = "$(TARGET_NAME)";
				SWIFT_EMIT_LOC_STRINGS = NO;
				SWIFT_VERSION = 5.0;
				TARGETED_DEVICE_FAMILY = "1,2";
				TEST_TARGET_NAME = Challenge;
			};
			name = Release;
		};
/* End XCBuildConfiguration section */

/* Begin XCConfigurationList section */
		EDB7102C28AE7B6D00DCD88B /* Build configuration list for PBXProject "Challenge" */ = {
			isa = XCConfigurationList;
			buildConfigurations = (
				EDB7105928AE7B6E00DCD88B /* Debug */,
				EDB7105A28AE7B6E00DCD88B /* Release */,
			);
			defaultConfigurationIsVisible = 0;
			defaultConfigurationName = Release;
		};
		EDB7105B28AE7B6E00DCD88B /* Build configuration list for PBXNativeTarget "Challenge" */ = {
			isa = XCConfigurationList;
			buildConfigurations = (
				EDB7105C28AE7B6E00DCD88B /* Debug */,
				EDB7105D28AE7B6E00DCD88B /* Release */,
			);
			defaultConfigurationIsVisible = 0;
			defaultConfigurationName = Release;
		};
		EDB7105E28AE7B6E00DCD88B /* Build configuration list for PBXNativeTarget "ChallengeTests" */ = {
			isa = XCConfigurationList;
			buildConfigurations = (
				EDB7105F28AE7B6E00DCD88B /* Debug */,
				EDB7106028AE7B6E00DCD88B /* Release */,
			);
			defaultConfigurationIsVisible = 0;
			defaultConfigurationName = Release;
		};
		EDB7106128AE7B6E00DCD88B /* Build configuration list for PBXNativeTarget "ChallengeUITests" */ = {
			isa = XCConfigurationList;
			buildConfigurations = (
				EDB7106228AE7B6E00DCD88B /* Debug */,
				EDB7106328AE7B6E00DCD88B /* Release */,
			);
			defaultConfigurationIsVisible = 0;
			defaultConfigurationName = Release;
		};
/* End XCConfigurationList section */
	};
	rootObject = EDB7102928AE7B6D00DCD88B /* Project object */;
}
